
Microsoft Visual Studio Solution File, Format Version 12.00
#
Project("{FAE04EC0-301F-11D3-BF4B-00C04F79EFBC}") = "AllegroDealersBot.Worker", "AllegroDealersBot.Worker\AllegroDealersBot.Worker.csproj", "{26A1C4AA-0450-43ED-8A26-D328F5D2BB69}"
EndProject
Global
	GlobalSection(SolutionConfigurationPlatforms) = preSolution
		Debug|Any CPU = Debug|Any CPU
		Release|Any CPU = Release|Any CPU
	EndGlobalSection
	GlobalSection(ProjectConfigurationPlatforms) = postSolution
		{26A1C4AA-0450-43ED-8A26-D328F5D2BB69}.Debug|Any CPU.ActiveCfg = Debug|Any CPU
		{26A1C4AA-0450-43ED-8A26-D328F5D2BB69}.Debug|Any CPU.Build.0 = Debug|Any CPU
		{26A1C4AA-0450-43ED-8A26-D328F5D2BB69}.Release|Any CPU.ActiveCfg = Release|Any CPU
		{26A1C4AA-0450-43ED-8A26-D328F5D2BB69}.Release|Any CPU.Build.0 = Release|Any CPU
	EndGlobalSection
EndGlobal
